{
  "nodes": {
    "crane": {
      "locked": {
        "lastModified": 1730504891,
        "narHash": "sha256-Fvieht4pai+Wey7terllZAKOj0YsaDP0e88NYs3K/Lo=",
        "owner": "ipetkov",
        "repo": "crane",
        "rev": "8658adcdad49b8f2c6cbf0cc3cb4b4db988f7638",
        "type": "github"
      },
      "original": {
        "owner": "ipetkov",
        "repo": "crane",
        "type": "github"
      }
    },
    "matrix-client": {
      "flake": false,
      "locked": {
        "lastModified": 1730509407,
        "narHash": "sha256-JuaiPYDrTcJGLbbdldA+JPb9YqF4cFPMtFHhsWgi3Mo=",
        "owner": "ners",
        "repo": "matrix-client-haskell",
        "rev": "47b42a4db7ac4e64f14fc95f4036c25f29559016",
        "type": "github"
      },
      "original": {
        "owner": "ners",
        "repo": "matrix-client-haskell",
        "type": "github"
      }
    },
    "nixpkgs": {
      "locked": {
        "lastModified": 1732014248,
        "narHash": "sha256-y/MEyuJ5oBWrWAic/14LaIr/u5E0wRVzyYsouYY3W6w=",
        "owner": "nixos",
        "repo": "nixpkgs",
        "rev": "23e89b7da85c3640bbc2173fe04f4bd114342367",
        "type": "github"
      },
      "original": {
        "owner": "nixos",
        "ref": "nixos-unstable",
        "repo": "nixpkgs",
        "type": "github"
      }
    },
    "rhine": {
      "inputs": {
        "nixpkgs": [
          "rhine-chat",
          "nixpkgs"
        ]
      },
      "locked": {
        "lastModified": 1730103800,
        "narHash": "sha256-k8f/RyGg3aUIkhPMO1JxnyKquDn/Kx1jGDlhAlQHiIU=",
        "owner": "turion",
        "repo": "rhine",
        "rev": "fcaec156c02842db803113e1242a79065aa527ce",
        "type": "github"
      },
      "original": {
        "owner": "turion",
        "repo": "rhine",
        "type": "github"
      }
    },
    "rhine-chat": {
      "inputs": {
        "matrix-client": "matrix-client",
        "nixpkgs": [
          "nixpkgs"
        ],
        "rhine": "rhine",
        "vodozemac": "vodozemac"
      },
      "locked": {
        "lastModified": 1731657489,
        "narHash": "sha256-o+8+DP5cXOyKXvdU+tb6N+0A6wfGEsgSqenK4T9v2tw=",
        "owner": "ners",
        "repo": "rhine-chat",
        "rev": "add4d33de920339273e7ebc858a9305d359c25aa",
        "type": "github"
      },
      "original": {
        "owner": "ners",
        "repo": "rhine-chat",
        "type": "github"
      }
    },
    "root": {
      "inputs": {
        "nixpkgs": "nixpkgs",
        "rhine-chat": "rhine-chat"
      }
    },
    "vodozemac": {
      "inputs": {
        "crane": "crane",
        "nixpkgs": [
          "rhine-chat",
          "nixpkgs"
        ]
      },
      "locked": {
        "lastModified": 1730591316,
        "narHash": "sha256-yBFMRvoJQf0A91zTng2N4Z6jgq5RFqoNCmxRr5hAq44=",
        "owner": "ners",
        "repo": "vodozemac-haskell",
        "rev": "8b24b6e56e0984f5eb5ad84ab312cb62cb794809",
        "type": "github"
      },
      "original": {
        "owner": "ners",
        "repo": "vodozemac-haskell",
        "type": "github"
      }
    }
  },
  "root": "root",
  "version": 7
}
